// !$*UTF8*$!
{
	archiveVersion = 1;
	classes = {
	};
	objectVersion = 50;
	objects = {

/* Begin PBXBuildFile section */
		26FDBBFF9369F4949BEFAE2A /* Pods_umdplannerTests.framework in Frameworks */ = {isa = PBXBuildFile; fileRef = 142921F0D7F1A19E7E856E35 /* Pods_umdplannerTests.framework */; };
		49E4D87F8DB1785F34600522 /* Pods_umdplanner.framework in Frameworks */ = {isa = PBXBuildFile; fileRef = C2764091EBCFFB090C6AC302 /* Pods_umdplanner.framework */; };
		7AD1E31B26C6DCCDDDF42866 /* Pods_umdplannerUITests.framework in Frameworks */ = {isa = PBXBuildFile; fileRef = AC9A50337196C9457F074046 /* Pods_umdplannerUITests.framework */; };
		D7097B7A227261DF001ABA6B /* addExerciseViewController.swift in Sources */ = {isa = PBXBuildFile; fileRef = D7097B79227261DF001ABA6B /* addExerciseViewController.swift */; };
		D7097B7C227261FE001ABA6B /* viewExerciseViewController.swift in Sources */ = {isa = PBXBuildFile; fileRef = D7097B7B227261FE001ABA6B /* viewExerciseViewController.swift */; };
		D7097B7E22727A45001ABA6B /* iOSDropDown.framework in Frameworks */ = {isa = PBXBuildFile; fileRef = D7097B7D22727A45001ABA6B /* iOSDropDown.framework */; };
		D7097B8022729A2E001ABA6B /*  setCell.swift in Sources */ = {isa = PBXBuildFile; fileRef = D7097B7F22729A2E001ABA6B /*  setCell.swift */; };
		D7097B842272A9DD001ABA6B /* ExerciseTypes.plist in Resources */ = {isa = PBXBuildFile; fileRef = D7097B832272A9DD001ABA6B /* ExerciseTypes.plist */; };
		D7097B882272AB09001ABA6B /* ExerciseType.swift in Sources */ = {isa = PBXBuildFile; fileRef = D7097B872272AB09001ABA6B /* ExerciseType.swift */; };
		D71738BF2266A85B00BB068C /* FitnessViewController.swift in Sources */ = {isa = PBXBuildFile; fileRef = D71738BE2266A85B00BB068C /* FitnessViewController.swift */; };
		D71738C32266A87500BB068C /* FitnessModel.swift in Sources */ = {isa = PBXBuildFile; fileRef = D71738C22266A87500BB068C /* FitnessModel.swift */; };
		D71BBE3D2271994600E66854 /* exerciseCell.swift in Sources */ = {isa = PBXBuildFile; fileRef = D71BBE3C2271994600E66854 /* exerciseCell.swift */; };
		D723F1DF22718EC700E79DD0 /* workoutCell.swift in Sources */ = {isa = PBXBuildFile; fileRef = D723F1DE22718EC600E79DD0 /* workoutCell.swift */; };
		D748A18D22821169000226EC /* Montserrat in Resources */ = {isa = PBXBuildFile; fileRef = D748A18C22821169000226EC /* Montserrat */; };
		D748A18F228211C9000226EC /* Montserrat-Regular.ttf in Resources */ = {isa = PBXBuildFile; fileRef = D748A18E228211C9000226EC /* Montserrat-Regular.ttf */; };
		D748A191228212FF000226EC /* Montserrat-ExtraBold.ttf in Resources */ = {isa = PBXBuildFile; fileRef = D748A190228212FF000226EC /* Montserrat-ExtraBold.ttf */; };
		D748A19E22821349000226EC /* Merriweather-Regular.ttf in Resources */ = {isa = PBXBuildFile; fileRef = D748A19622821323000226EC /* Merriweather-Regular.ttf */; };
		D751A82422892D580068712B /* SleepViewController.swift in Sources */ = {isa = PBXBuildFile; fileRef = D751A82322892D580068712B /* SleepViewController.swift */; };
		D751A8262289352B0068712B /* SleepModel.swift in Sources */ = {isa = PBXBuildFile; fileRef = D751A8252289352B0068712B /* SleepModel.swift */; };
		D751A828228935580068712B /* SleepAddNewViewController.swift in Sources */ = {isa = PBXBuildFile; fileRef = D751A827228935580068712B /* SleepAddNewViewController.swift */; };
		D751A82A2289357D0068712B /* SleepSummaryViewController.swift in Sources */ = {isa = PBXBuildFile; fileRef = D751A8292289357D0068712B /* SleepSummaryViewController.swift */; };
		D751A82E228936420068712B /* SleepImage.png in Resources */ = {isa = PBXBuildFile; fileRef = D751A82C228936420068712B /* SleepImage.png */; };
		D751A82F228936420068712B /* moon.png in Resources */ = {isa = PBXBuildFile; fileRef = D751A82D228936420068712B /* moon.png */; };
		D751A831228A1C6E0068712B /* ClassesViewController.swift in Sources */ = {isa = PBXBuildFile; fileRef = D751A830228A1C6E0068712B /* ClassesViewController.swift */; };
		D751A833228A1CC70068712B /* AllAssignsViewController.swift in Sources */ = {isa = PBXBuildFile; fileRef = D751A832228A1CC70068712B /* AllAssignsViewController.swift */; };
		D751A835228A1CF70068712B /* FakeAlertController.swift in Sources */ = {isa = PBXBuildFile; fileRef = D751A834228A1CF70068712B /* FakeAlertController.swift */; };
		D751A837228A1D380068712B /* ClassFakeAlertController.swift in Sources */ = {isa = PBXBuildFile; fileRef = D751A836228A1D380068712B /* ClassFakeAlertController.swift */; };
		D751A839228A1D8B0068712B /* ClassFakeAlertDelegate.swift in Sources */ = {isa = PBXBuildFile; fileRef = D751A838228A1D8B0068712B /* ClassFakeAlertDelegate.swift */; };
		D751A83B228A1DD10068712B /* FakeAlertDelegate.swift in Sources */ = {isa = PBXBuildFile; fileRef = D751A83A228A1DD10068712B /* FakeAlertDelegate.swift */; };
		D751A83D228A1E1D0068712B /* HomeworkPageViewController.swift in Sources */ = {isa = PBXBuildFile; fileRef = D751A83C228A1E1D0068712B /* HomeworkPageViewController.swift */; };
		D751A83F228A1E4C0068712B /* CalendarViewController.swift in Sources */ = {isa = PBXBuildFile; fileRef = D751A83E228A1E4C0068712B /* CalendarViewController.swift */; };
		D75467A9225FC724009DE38C /* AppDelegate.swift in Sources */ = {isa = PBXBuildFile; fileRef = D75467A8225FC724009DE38C /* AppDelegate.swift */; };
		D75467AE225FC724009DE38C /* Main.storyboard in Resources */ = {isa = PBXBuildFile; fileRef = D75467AC225FC724009DE38C /* Main.storyboard */; };
		D75467B3225FC726009DE38C /* Assets.xcassets in Resources */ = {isa = PBXBuildFile; fileRef = D75467B2225FC726009DE38C /* Assets.xcassets */; };
		D75467B6225FC726009DE38C /* LaunchScreen.storyboard in Resources */ = {isa = PBXBuildFile; fileRef = D75467B4225FC726009DE38C /* LaunchScreen.storyboard */; };
		D75467C1225FC726009DE38C /* umdplannerTests.swift in Sources */ = {isa = PBXBuildFile; fileRef = D75467C0225FC726009DE38C /* umdplannerTests.swift */; };
		D75467CC225FC726009DE38C /* umdplannerUITests.swift in Sources */ = {isa = PBXBuildFile; fileRef = D75467CB225FC726009DE38C /* umdplannerUITests.swift */; };
		D79D90582278B4CF003AC83D /* model.xcdatamodeld in Sources */ = {isa = PBXBuildFile; fileRef = D79D90562278B4CF003AC83D /* model.xcdatamodeld */; };
/* End PBXBuildFile section */

/* Begin PBXContainerItemProxy section */
		D75467BD225FC726009DE38C /* PBXContainerItemProxy */ = {
			isa = PBXContainerItemProxy;
			containerPortal = D754679D225FC723009DE38C /* Project object */;
			proxyType = 1;
			remoteGlobalIDString = D75467A4225FC723009DE38C;
			remoteInfo = umdplanner;
		};
		D75467C8225FC726009DE38C /* PBXContainerItemProxy */ = {
			isa = PBXContainerItemProxy;
			containerPortal = D754679D225FC723009DE38C /* Project object */;
			proxyType = 1;
			remoteGlobalIDString = D75467A4225FC723009DE38C;
			remoteInfo = umdplanner;
		};
/* End PBXContainerItemProxy section */

/* Begin PBXFileReference section */
		142921F0D7F1A19E7E856E35 /* Pods_umdplannerTests.framework */ = {isa = PBXFileReference; explicitFileType = wrapper.framework; includeInIndex = 0; path = Pods_umdplannerTests.framework; sourceTree = BUILT_PRODUCTS_DIR; };
		159BAB412CE042AEBEC56E2D /* Pods-umdplannerTests.debug.xcconfig */ = {isa = PBXFileReference; includeInIndex = 1; lastKnownFileType = text.xcconfig; name = "Pods-umdplannerTests.debug.xcconfig"; path = "Target Support Files/Pods-umdplannerTests/Pods-umdplannerTests.debug.xcconfig"; sourceTree = "<group>"; };
		20513CDC709581462136ED6B /* Pods-umdplannerTests.release.xcconfig */ = {isa = PBXFileReference; includeInIndex = 1; lastKnownFileType = text.xcconfig; name = "Pods-umdplannerTests.release.xcconfig"; path = "Target Support Files/Pods-umdplannerTests/Pods-umdplannerTests.release.xcconfig"; sourceTree = "<group>"; };
		30D2C2A73B1DC65B0216C371 /* Pods-umdplannerUITests.debug.xcconfig */ = {isa = PBXFileReference; includeInIndex = 1; lastKnownFileType = text.xcconfig; name = "Pods-umdplannerUITests.debug.xcconfig"; path = "Target Support Files/Pods-umdplannerUITests/Pods-umdplannerUITests.debug.xcconfig"; sourceTree = "<group>"; };
		5FB5C2113395D2DB96EE4C4E /* Pods-umdplanner.debug.xcconfig */ = {isa = PBXFileReference; includeInIndex = 1; lastKnownFileType = text.xcconfig; name = "Pods-umdplanner.debug.xcconfig"; path = "Target Support Files/Pods-umdplanner/Pods-umdplanner.debug.xcconfig"; sourceTree = "<group>"; };
		AC9A50337196C9457F074046 /* Pods_umdplannerUITests.framework */ = {isa = PBXFileReference; explicitFileType = wrapper.framework; includeInIndex = 0; path = Pods_umdplannerUITests.framework; sourceTree = BUILT_PRODUCTS_DIR; };
		C2764091EBCFFB090C6AC302 /* Pods_umdplanner.framework */ = {isa = PBXFileReference; explicitFileType = wrapper.framework; includeInIndex = 0; path = Pods_umdplanner.framework; sourceTree = BUILT_PRODUCTS_DIR; };
		D7097B79227261DF001ABA6B /* addExerciseViewController.swift */ = {isa = PBXFileReference; lastKnownFileType = sourcecode.swift; path = addExerciseViewController.swift; sourceTree = "<group>"; };
		D7097B7B227261FE001ABA6B /* viewExerciseViewController.swift */ = {isa = PBXFileReference; lastKnownFileType = sourcecode.swift; path = viewExerciseViewController.swift; sourceTree = "<group>"; };
		D7097B7D22727A45001ABA6B /* iOSDropDown.framework */ = {isa = PBXFileReference; explicitFileType = wrapper.framework; path = iOSDropDown.framework; sourceTree = BUILT_PRODUCTS_DIR; };
		D7097B7F22729A2E001ABA6B /*  setCell.swift */ = {isa = PBXFileReference; lastKnownFileType = sourcecode.swift; path = " setCell.swift"; sourceTree = "<group>"; };
		D7097B832272A9DD001ABA6B /* ExerciseTypes.plist */ = {isa = PBXFileReference; lastKnownFileType = text.plist.xml; path = ExerciseTypes.plist; sourceTree = "<group>"; };
		D7097B872272AB09001ABA6B /* ExerciseType.swift */ = {isa = PBXFileReference; lastKnownFileType = sourcecode.swift; path = ExerciseType.swift; sourceTree = "<group>"; };
		D71738BE2266A85B00BB068C /* FitnessViewController.swift */ = {isa = PBXFileReference; lastKnownFileType = sourcecode.swift; path = FitnessViewController.swift; sourceTree = "<group>"; };
		D71738C22266A87500BB068C /* FitnessModel.swift */ = {isa = PBXFileReference; lastKnownFileType = sourcecode.swift; path = FitnessModel.swift; sourceTree = "<group>"; };
		D71BBE3C2271994600E66854 /* exerciseCell.swift */ = {isa = PBXFileReference; lastKnownFileType = sourcecode.swift; path = exerciseCell.swift; sourceTree = "<group>"; };
		D723F1DE22718EC600E79DD0 /* workoutCell.swift */ = {isa = PBXFileReference; lastKnownFileType = sourcecode.swift; name = workoutCell.swift; path = /Users/robertchoe/code/School/436/umdplanner/umdplanner/umdplanner/Views/workoutCell.swift; sourceTree = "<absolute>"; };
		D748A18C22821169000226EC /* Montserrat */ = {isa = PBXFileReference; lastKnownFileType = folder; name = Montserrat; path = ../../../../../../../Downloads/Montserrat; sourceTree = "<group>"; };
		D748A18E228211C9000226EC /* Montserrat-Regular.ttf */ = {isa = PBXFileReference; lastKnownFileType = file; name = "Montserrat-Regular.ttf"; path = "../../../../../Downloads/Montserrat/Montserrat-Regular.ttf"; sourceTree = "<group>"; };
		D748A190228212FF000226EC /* Montserrat-ExtraBold.ttf */ = {isa = PBXFileReference; lastKnownFileType = file; name = "Montserrat-ExtraBold.ttf"; path = "../../../../../Downloads/Montserrat/Montserrat-ExtraBold.ttf"; sourceTree = "<group>"; };
		D748A19522821323000226EC /* Merriweather-Bold.ttf */ = {isa = PBXFileReference; lastKnownFileType = file; path = "Merriweather-Bold.ttf"; sourceTree = "<group>"; };
		D748A19622821323000226EC /* Merriweather-Regular.ttf */ = {isa = PBXFileReference; lastKnownFileType = file; path = "Merriweather-Regular.ttf"; sourceTree = "<group>"; };
		D748A19722821323000226EC /* Merriweather-Light.ttf */ = {isa = PBXFileReference; lastKnownFileType = file; path = "Merriweather-Light.ttf"; sourceTree = "<group>"; };
		D748A19822821323000226EC /* Merriweather-BoldItalic.ttf */ = {isa = PBXFileReference; lastKnownFileType = file; path = "Merriweather-BoldItalic.ttf"; sourceTree = "<group>"; };
		D748A19922821323000226EC /* Merriweather-BlackItalic.ttf */ = {isa = PBXFileReference; lastKnownFileType = file; path = "Merriweather-BlackItalic.ttf"; sourceTree = "<group>"; };
		D748A19A22821323000226EC /* OFL.txt */ = {isa = PBXFileReference; lastKnownFileType = text; path = OFL.txt; sourceTree = "<group>"; };
		D748A19B22821323000226EC /* Merriweather-Italic.ttf */ = {isa = PBXFileReference; lastKnownFileType = file; path = "Merriweather-Italic.ttf"; sourceTree = "<group>"; };
		D748A19C22821323000226EC /* Merriweather-Black.ttf */ = {isa = PBXFileReference; lastKnownFileType = file; path = "Merriweather-Black.ttf"; sourceTree = "<group>"; };
		D748A19D22821323000226EC /* Merriweather-LightItalic.ttf */ = {isa = PBXFileReference; lastKnownFileType = file; path = "Merriweather-LightItalic.ttf"; sourceTree = "<group>"; };
		D751A82322892D580068712B /* SleepViewController.swift */ = {isa = PBXFileReference; lastKnownFileType = sourcecode.swift; path = SleepViewController.swift; sourceTree = "<group>"; };
		D751A8252289352B0068712B /* SleepModel.swift */ = {isa = PBXFileReference; lastKnownFileType = sourcecode.swift; path = SleepModel.swift; sourceTree = "<group>"; };
		D751A827228935580068712B /* SleepAddNewViewController.swift */ = {isa = PBXFileReference; lastKnownFileType = sourcecode.swift; path = SleepAddNewViewController.swift; sourceTree = "<group>"; };
		D751A8292289357D0068712B /* SleepSummaryViewController.swift */ = {isa = PBXFileReference; lastKnownFileType = sourcecode.swift; path = SleepSummaryViewController.swift; sourceTree = "<group>"; };
		D751A82C228936420068712B /* SleepImage.png */ = {isa = PBXFileReference; lastKnownFileType = image.png; name = SleepImage.png; path = ../../../../../../../Downloads/umdplanner/umdplanner/SleepImage.png; sourceTree = "<group>"; };
		D751A82D228936420068712B /* moon.png */ = {isa = PBXFileReference; lastKnownFileType = image.png; name = moon.png; path = ../../../../../../../Downloads/umdplanner/umdplanner/moon.png; sourceTree = "<group>"; };
		D751A830228A1C6E0068712B /* ClassesViewController.swift */ = {isa = PBXFileReference; lastKnownFileType = sourcecode.swift; path = ClassesViewController.swift; sourceTree = "<group>"; };
		D751A832228A1CC70068712B /* AllAssignsViewController.swift */ = {isa = PBXFileReference; lastKnownFileType = sourcecode.swift; path = AllAssignsViewController.swift; sourceTree = "<group>"; };
		D751A834228A1CF70068712B /* FakeAlertController.swift */ = {isa = PBXFileReference; lastKnownFileType = sourcecode.swift; path = FakeAlertController.swift; sourceTree = "<group>"; };
		D751A836228A1D380068712B /* ClassFakeAlertController.swift */ = {isa = PBXFileReference; lastKnownFileType = sourcecode.swift; path = ClassFakeAlertController.swift; sourceTree = "<group>"; };
		D751A838228A1D8B0068712B /* ClassFakeAlertDelegate.swift */ = {isa = PBXFileReference; lastKnownFileType = sourcecode.swift; path = ClassFakeAlertDelegate.swift; sourceTree = "<group>"; };
		D751A83A228A1DD10068712B /* FakeAlertDelegate.swift */ = {isa = PBXFileReference; lastKnownFileType = sourcecode.swift; path = FakeAlertDelegate.swift; sourceTree = "<group>"; };
		D751A83C228A1E1D0068712B /* HomeworkPageViewController.swift */ = {isa = PBXFileReference; lastKnownFileType = sourcecode.swift; path = HomeworkPageViewController.swift; sourceTree = "<group>"; };
		D751A83E228A1E4C0068712B /* CalendarViewController.swift */ = {isa = PBXFileReference; lastKnownFileType = sourcecode.swift; path = CalendarViewController.swift; sourceTree = "<group>"; };
		D75467A5225FC723009DE38C /* umdplanner.app */ = {isa = PBXFileReference; explicitFileType = wrapper.application; includeInIndex = 0; path = umdplanner.app; sourceTree = BUILT_PRODUCTS_DIR; };
		D75467A8225FC724009DE38C /* AppDelegate.swift */ = {isa = PBXFileReference; lastKnownFileType = sourcecode.swift; path = AppDelegate.swift; sourceTree = "<group>"; };
		D75467AD225FC724009DE38C /* Base */ = {isa = PBXFileReference; lastKnownFileType = file.storyboard; name = Base; path = Base.lproj/Main.storyboard; sourceTree = "<group>"; };
		D75467B2225FC726009DE38C /* Assets.xcassets */ = {isa = PBXFileReference; lastKnownFileType = folder.assetcatalog; path = Assets.xcassets; sourceTree = "<group>"; };
		D75467B5225FC726009DE38C /* Base */ = {isa = PBXFileReference; lastKnownFileType = file.storyboard; name = Base; path = Base.lproj/LaunchScreen.storyboard; sourceTree = "<group>"; };
		D75467B7225FC726009DE38C /* Info.plist */ = {isa = PBXFileReference; lastKnownFileType = text.plist.xml; path = Info.plist; sourceTree = "<group>"; };
		D75467BC225FC726009DE38C /* umdplannerTests.xctest */ = {isa = PBXFileReference; explicitFileType = wrapper.cfbundle; includeInIndex = 0; path = umdplannerTests.xctest; sourceTree = BUILT_PRODUCTS_DIR; };
		D75467C0225FC726009DE38C /* umdplannerTests.swift */ = {isa = PBXFileReference; lastKnownFileType = sourcecode.swift; path = umdplannerTests.swift; sourceTree = "<group>"; };
		D75467C2225FC726009DE38C /* Info.plist */ = {isa = PBXFileReference; lastKnownFileType = text.plist.xml; path = Info.plist; sourceTree = "<group>"; };
		D75467C7225FC726009DE38C /* umdplannerUITests.xctest */ = {isa = PBXFileReference; explicitFileType = wrapper.cfbundle; includeInIndex = 0; path = umdplannerUITests.xctest; sourceTree = BUILT_PRODUCTS_DIR; };
		D75467CB225FC726009DE38C /* umdplannerUITests.swift */ = {isa = PBXFileReference; lastKnownFileType = sourcecode.swift; path = umdplannerUITests.swift; sourceTree = "<group>"; };
		D75467CD225FC726009DE38C /* Info.plist */ = {isa = PBXFileReference; lastKnownFileType = text.plist.xml; path = Info.plist; sourceTree = "<group>"; };
		D79D90572278B4CF003AC83D /* model.xcdatamodel */ = {isa = PBXFileReference; lastKnownFileType = wrapper.xcdatamodel; path = model.xcdatamodel; sourceTree = "<group>"; };
		E2FDF9257AB02AE8CCFF95DE /* Pods-umdplannerUITests.release.xcconfig */ = {isa = PBXFileReference; includeInIndex = 1; lastKnownFileType = text.xcconfig; name = "Pods-umdplannerUITests.release.xcconfig"; path = "Target Support Files/Pods-umdplannerUITests/Pods-umdplannerUITests.release.xcconfig"; sourceTree = "<group>"; };
		F2104007E22329597594DB14 /* Pods-umdplanner.release.xcconfig */ = {isa = PBXFileReference; includeInIndex = 1; lastKnownFileType = text.xcconfig; name = "Pods-umdplanner.release.xcconfig"; path = "Target Support Files/Pods-umdplanner/Pods-umdplanner.release.xcconfig"; sourceTree = "<group>"; };
/* End PBXFileReference section */

/* Begin PBXFrameworksBuildPhase section */
		D75467A2225FC723009DE38C /* Frameworks */ = {
			isa = PBXFrameworksBuildPhase;
			buildActionMask = 2147483647;
			files = (
				D7097B7E22727A45001ABA6B /* iOSDropDown.framework in Frameworks */,
				49E4D87F8DB1785F34600522 /* Pods_umdplanner.framework in Frameworks */,
			);
			runOnlyForDeploymentPostprocessing = 0;
		};
		D75467B9225FC726009DE38C /* Frameworks */ = {
			isa = PBXFrameworksBuildPhase;
			buildActionMask = 2147483647;
			files = (
				26FDBBFF9369F4949BEFAE2A /* Pods_umdplannerTests.framework in Frameworks */,
			);
			runOnlyForDeploymentPostprocessing = 0;
		};
		D75467C4225FC726009DE38C /* Frameworks */ = {
			isa = PBXFrameworksBuildPhase;
			buildActionMask = 2147483647;
			files = (
				7AD1E31B26C6DCCDDDF42866 /* Pods_umdplannerUITests.framework in Frameworks */,
			);
			runOnlyForDeploymentPostprocessing = 0;
		};
/* End PBXFrameworksBuildPhase section */

/* Begin PBXGroup section */
		824E7DB56FAE7F1F82FFB643 /* Pods */ = {
			isa = PBXGroup;
			children = (
				5FB5C2113395D2DB96EE4C4E /* Pods-umdplanner.debug.xcconfig */,
				F2104007E22329597594DB14 /* Pods-umdplanner.release.xcconfig */,
				159BAB412CE042AEBEC56E2D /* Pods-umdplannerTests.debug.xcconfig */,
				20513CDC709581462136ED6B /* Pods-umdplannerTests.release.xcconfig */,
				30D2C2A73B1DC65B0216C371 /* Pods-umdplannerUITests.debug.xcconfig */,
				E2FDF9257AB02AE8CCFF95DE /* Pods-umdplannerUITests.release.xcconfig */,
			);
			path = Pods;
			sourceTree = "<group>";
		};
		8BA594EDD98C72343D71DD7B /* Frameworks */ = {
			isa = PBXGroup;
			children = (
				D7097B7D22727A45001ABA6B /* iOSDropDown.framework */,
				C2764091EBCFFB090C6AC302 /* Pods_umdplanner.framework */,
				142921F0D7F1A19E7E856E35 /* Pods_umdplannerTests.framework */,
				AC9A50337196C9457F074046 /* Pods_umdplannerUITests.framework */,
			);
			name = Frameworks;
			sourceTree = "<group>";
		};
		D71738BB2266A81C00BB068C /* Controllers */ = {
			isa = PBXGroup;
			children = (
				D751A843228A33140068712B /* Calendar */,
				D751A842228A33080068712B /* Fitness */,
				D751A841228A32F20068712B /* Sleep */,
				D751A840228A32BB0068712B /* Assignmnets */,
			);
			path = Controllers;
			sourceTree = "<group>";
		};
		D71738BC2266A83200BB068C /* Views */ = {
			isa = PBXGroup;
			children = (
				D751A844228A33260068712B /* Fitness */,
			);
			path = Views;
			sourceTree = "<group>";
		};
		D71738BD2266A84000BB068C /* Models */ = {
			isa = PBXGroup;
			children = (
				D71738C22266A87500BB068C /* FitnessModel.swift */,
				D7097B872272AB09001ABA6B /* ExerciseType.swift */,
				D751A8252289352B0068712B /* SleepModel.swift */,
			);
			path = Models;
			sourceTree = "<group>";
		};
		D748A18B228210E6000226EC /* fonts */ = {
			isa = PBXGroup;
			children = (
				D748A19422821323000226EC /* Merriweather */,
				D748A18C22821169000226EC /* Montserrat */,
			);
			path = fonts;
			sourceTree = "<group>";
		};
		D748A19422821323000226EC /* Merriweather */ = {
			isa = PBXGroup;
			children = (
				D748A19522821323000226EC /* Merriweather-Bold.ttf */,
				D748A19622821323000226EC /* Merriweather-Regular.ttf */,
				D748A19722821323000226EC /* Merriweather-Light.ttf */,
				D748A19822821323000226EC /* Merriweather-BoldItalic.ttf */,
				D748A19922821323000226EC /* Merriweather-BlackItalic.ttf */,
				D748A19A22821323000226EC /* OFL.txt */,
				D748A19B22821323000226EC /* Merriweather-Italic.ttf */,
				D748A19C22821323000226EC /* Merriweather-Black.ttf */,
				D748A19D22821323000226EC /* Merriweather-LightItalic.ttf */,
			);
			path = Merriweather;
			sourceTree = "<group>";
		};
		D751A82B228936270068712B /* Resource */ = {
			isa = PBXGroup;
			children = (
				D751A82D228936420068712B /* moon.png */,
				D751A82C228936420068712B /* SleepImage.png */,
			);
			path = Resource;
			sourceTree = "<group>";
		};
		D751A840228A32BB0068712B /* Assignmnets */ = {
			isa = PBXGroup;
			children = (
				D751A832228A1CC70068712B /* AllAssignsViewController.swift */,
				D751A83C228A1E1D0068712B /* HomeworkPageViewController.swift */,
				D751A836228A1D380068712B /* ClassFakeAlertController.swift */,
				D751A834228A1CF70068712B /* FakeAlertController.swift */,
				D751A830228A1C6E0068712B /* ClassesViewController.swift */,
			);
			path = Assignmnets;
			sourceTree = "<group>";
		};
		D751A841228A32F20068712B /* Sleep */ = {
			isa = PBXGroup;
			children = (
				D751A82322892D580068712B /* SleepViewController.swift */,
				D751A827228935580068712B /* SleepAddNewViewController.swift */,
				D751A8292289357D0068712B /* SleepSummaryViewController.swift */,
			);
			path = Sleep;
			sourceTree = "<group>";
		};
		D751A842228A33080068712B /* Fitness */ = {
			isa = PBXGroup;
			children = (
				D71738BE2266A85B00BB068C /* FitnessViewController.swift */,
				D7097B79227261DF001ABA6B /* addExerciseViewController.swift */,
				D7097B7B227261FE001ABA6B /* viewExerciseViewController.swift */,
			);
			path = Fitness;
			sourceTree = "<group>";
		};
		D751A843228A33140068712B /* Calendar */ = {
			isa = PBXGroup;
			children = (
				D751A83E228A1E4C0068712B /* CalendarViewController.swift */,
			);
			path = Calendar;
			sourceTree = "<group>";
		};
		D751A844228A33260068712B /* Fitness */ = {
			isa = PBXGroup;
			children = (
				D723F1DE22718EC600E79DD0 /* workoutCell.swift */,
				D71BBE3C2271994600E66854 /* exerciseCell.swift */,
				D7097B7F22729A2E001ABA6B /*  setCell.swift */,
			);
			path = Fitness;
			sourceTree = "<group>";
		};
		D751A845228A33520068712B /* Delegates */ = {
			isa = PBXGroup;
			children = (
				D751A838228A1D8B0068712B /* ClassFakeAlertDelegate.swift */,
				D751A83A228A1DD10068712B /* FakeAlertDelegate.swift */,
				D75467A8225FC724009DE38C /* AppDelegate.swift */,
			);
			path = Delegates;
			sourceTree = "<group>";
		};
		D754679C225FC723009DE38C = {
			isa = PBXGroup;
			children = (
				D748A190228212FF000226EC /* Montserrat-ExtraBold.ttf */,
				D748A18E228211C9000226EC /* Montserrat-Regular.ttf */,
				D75467A7225FC723009DE38C /* umdplanner */,
				D75467BF225FC726009DE38C /* umdplannerTests */,
				D75467CA225FC726009DE38C /* umdplannerUITests */,
				D75467A6225FC723009DE38C /* Products */,
				824E7DB56FAE7F1F82FFB643 /* Pods */,
				8BA594EDD98C72343D71DD7B /* Frameworks */,
			);
			sourceTree = "<group>";
		};
		D75467A6225FC723009DE38C /* Products */ = {
			isa = PBXGroup;
			children = (
				D75467A5225FC723009DE38C /* umdplanner.app */,
				D75467BC225FC726009DE38C /* umdplannerTests.xctest */,
				D75467C7225FC726009DE38C /* umdplannerUITests.xctest */,
			);
			name = Products;
			sourceTree = "<group>";
		};
		D75467A7225FC723009DE38C /* umdplanner */ = {
			isa = PBXGroup;
			children = (
				D751A845228A33520068712B /* Delegates */,
				D751A82B228936270068712B /* Resource */,
				D748A18B228210E6000226EC /* fonts */,
				D71738BD2266A84000BB068C /* Models */,
				D71738BC2266A83200BB068C /* Views */,
				D71738BB2266A81C00BB068C /* Controllers */,
				D75467AC225FC724009DE38C /* Main.storyboard */,
				D75467B2225FC726009DE38C /* Assets.xcassets */,
				D75467B4225FC726009DE38C /* LaunchScreen.storyboard */,
				D7097B832272A9DD001ABA6B /* ExerciseTypes.plist */,
				D75467B7225FC726009DE38C /* Info.plist */,
				D79D90562278B4CF003AC83D /* model.xcdatamodeld */,
			);
			path = umdplanner;
			sourceTree = "<group>";
		};
		D75467BF225FC726009DE38C /* umdplannerTests */ = {
			isa = PBXGroup;
			children = (
				D75467C0225FC726009DE38C /* umdplannerTests.swift */,
				D75467C2225FC726009DE38C /* Info.plist */,
			);
			path = umdplannerTests;
			sourceTree = "<group>";
		};
		D75467CA225FC726009DE38C /* umdplannerUITests */ = {
			isa = PBXGroup;
			children = (
				D75467CB225FC726009DE38C /* umdplannerUITests.swift */,
				D75467CD225FC726009DE38C /* Info.plist */,
			);
			path = umdplannerUITests;
			sourceTree = "<group>";
		};
/* End PBXGroup section */

/* Begin PBXNativeTarget section */
		D75467A4225FC723009DE38C /* umdplanner */ = {
			isa = PBXNativeTarget;
			buildConfigurationList = D75467D0225FC726009DE38C /* Build configuration list for PBXNativeTarget "umdplanner" */;
			buildPhases = (
				E38B1ED883B7332B539DA1AC /* [CP] Check Pods Manifest.lock */,
				D75467A1225FC723009DE38C /* Sources */,
				D75467A2225FC723009DE38C /* Frameworks */,
				D75467A3225FC723009DE38C /* Resources */,
				837655FF218C4C3BE763D42E /* [CP] Embed Pods Frameworks */,
			);
			buildRules = (
			);
			dependencies = (
			);
			name = umdplanner;
			productName = umdplanner;
			productReference = D75467A5225FC723009DE38C /* umdplanner.app */;
			productType = "com.apple.product-type.application";
		};
		D75467BB225FC726009DE38C /* umdplannerTests */ = {
			isa = PBXNativeTarget;
			buildConfigurationList = D75467D3225FC726009DE38C /* Build configuration list for PBXNativeTarget "umdplannerTests" */;
			buildPhases = (
				7B1A60EB900551E9C5CEDF55 /* [CP] Check Pods Manifest.lock */,
				D75467B8225FC726009DE38C /* Sources */,
				D75467B9225FC726009DE38C /* Frameworks */,
				D75467BA225FC726009DE38C /* Resources */,
			);
			buildRules = (
			);
			dependencies = (
				D75467BE225FC726009DE38C /* PBXTargetDependency */,
			);
			name = umdplannerTests;
			productName = umdplannerTests;
			productReference = D75467BC225FC726009DE38C /* umdplannerTests.xctest */;
			productType = "com.apple.product-type.bundle.unit-test";
		};
		D75467C6225FC726009DE38C /* umdplannerUITests */ = {
			isa = PBXNativeTarget;
			buildConfigurationList = D75467D6225FC726009DE38C /* Build configuration list for PBXNativeTarget "umdplannerUITests" */;
			buildPhases = (
				4F1C5E6DBB3825ECDF7A6A6C /* [CP] Check Pods Manifest.lock */,
				D75467C3225FC726009DE38C /* Sources */,
				D75467C4225FC726009DE38C /* Frameworks */,
				D75467C5225FC726009DE38C /* Resources */,
			);
			buildRules = (
			);
			dependencies = (
				D75467C9225FC726009DE38C /* PBXTargetDependency */,
			);
			name = umdplannerUITests;
			productName = umdplannerUITests;
			productReference = D75467C7225FC726009DE38C /* umdplannerUITests.xctest */;
			productType = "com.apple.product-type.bundle.ui-testing";
		};
/* End PBXNativeTarget section */

/* Begin PBXProject section */
		D754679D225FC723009DE38C /* Project object */ = {
			isa = PBXProject;
			attributes = {
				LastSwiftUpdateCheck = 1010;
				LastUpgradeCheck = 1010;
				ORGANIZATIONNAME = group42;
				TargetAttributes = {
					D75467A4225FC723009DE38C = {
						CreatedOnToolsVersion = 10.1;
					};
					D75467BB225FC726009DE38C = {
						CreatedOnToolsVersion = 10.1;
						TestTargetID = D75467A4225FC723009DE38C;
					};
					D75467C6225FC726009DE38C = {
						CreatedOnToolsVersion = 10.1;
						TestTargetID = D75467A4225FC723009DE38C;
					};
				};
			};
			buildConfigurationList = D75467A0225FC723009DE38C /* Build configuration list for PBXProject "umdplanner" */;
			compatibilityVersion = "Xcode 9.3";
			developmentRegion = en;
			hasScannedForEncodings = 0;
			knownRegions = (
				en,
				Base,
			);
			mainGroup = D754679C225FC723009DE38C;
			productRefGroup = D75467A6225FC723009DE38C /* Products */;
			projectDirPath = "";
			projectRoot = "";
			targets = (
				D75467A4225FC723009DE38C /* umdplanner */,
				D75467BB225FC726009DE38C /* umdplannerTests */,
				D75467C6225FC726009DE38C /* umdplannerUITests */,
			);
		};
/* End PBXProject section */

/* Begin PBXResourcesBuildPhase section */
		D75467A3225FC723009DE38C /* Resources */ = {
			isa = PBXResourcesBuildPhase;
			buildActionMask = 2147483647;
			files = (
				D748A18D22821169000226EC /* Montserrat in Resources */,
				D7097B842272A9DD001ABA6B /* ExerciseTypes.plist in Resources */,
				D75467B6225FC726009DE38C /* LaunchScreen.storyboard in Resources */,
				D75467B3225FC726009DE38C /* Assets.xcassets in Resources */,
				D75467AE225FC724009DE38C /* Main.storyboard in Resources */,
				D748A18F228211C9000226EC /* Montserrat-Regular.ttf in Resources */,
				D751A82F228936420068712B /* moon.png in Resources */,
				D748A191228212FF000226EC /* Montserrat-ExtraBold.ttf in Resources */,
				D751A82E228936420068712B /* SleepImage.png in Resources */,
				D748A19E22821349000226EC /* Merriweather-Regular.ttf in Resources */,
			);
			runOnlyForDeploymentPostprocessing = 0;
		};
		D75467BA225FC726009DE38C /* Resources */ = {
			isa = PBXResourcesBuildPhase;
			buildActionMask = 2147483647;
			files = (
			);
			runOnlyForDeploymentPostprocessing = 0;
		};
		D75467C5225FC726009DE38C /* Resources */ = {
			isa = PBXResourcesBuildPhase;
			buildActionMask = 2147483647;
			files = (
			);
			runOnlyForDeploymentPostprocessing = 0;
		};
/* End PBXResourcesBuildPhase section */

/* Begin PBXShellScriptBuildPhase section */
		4F1C5E6DBB3825ECDF7A6A6C /* [CP] Check Pods Manifest.lock */ = {
			isa = PBXShellScriptBuildPhase;
			buildActionMask = 2147483647;
			files = (
			);
			inputFileListPaths = (
			);
			inputPaths = (
				"${PODS_PODFILE_DIR_PATH}/Podfile.lock",
				"${PODS_ROOT}/Manifest.lock",
			);
			name = "[CP] Check Pods Manifest.lock";
			outputFileListPaths = (
			);
			outputPaths = (
				"$(DERIVED_FILE_DIR)/Pods-umdplannerUITests-checkManifestLockResult.txt",
			);
			runOnlyForDeploymentPostprocessing = 0;
			shellPath = /bin/sh;
			shellScript = "diff \"${PODS_PODFILE_DIR_PATH}/Podfile.lock\" \"${PODS_ROOT}/Manifest.lock\" > /dev/null\nif [ $? != 0 ] ; then\n    # print error to STDERR\n    echo \"error: The sandbox is not in sync with the Podfile.lock. Run 'pod install' or update your CocoaPods installation.\" >&2\n    exit 1\nfi\n# This output is used by Xcode 'outputs' to avoid re-running this script phase.\necho \"SUCCESS\" > \"${SCRIPT_OUTPUT_FILE_0}\"\n";
			showEnvVarsInLog = 0;
		};
		7B1A60EB900551E9C5CEDF55 /* [CP] Check Pods Manifest.lock */ = {
			isa = PBXShellScriptBuildPhase;
			buildActionMask = 2147483647;
			files = (
			);
			inputFileListPaths = (
			);
			inputPaths = (
				"${PODS_PODFILE_DIR_PATH}/Podfile.lock",
				"${PODS_ROOT}/Manifest.lock",
			);
			name = "[CP] Check Pods Manifest.lock";
			outputFileListPaths = (
			);
			outputPaths = (
				"$(DERIVED_FILE_DIR)/Pods-umdplannerTests-checkManifestLockResult.txt",
			);
			runOnlyForDeploymentPostprocessing = 0;
			shellPath = /bin/sh;
			shellScript = "diff \"${PODS_PODFILE_DIR_PATH}/Podfile.lock\" \"${PODS_ROOT}/Manifest.lock\" > /dev/null\nif [ $? != 0 ] ; then\n    # print error to STDERR\n    echo \"error: The sandbox is not in sync with the Podfile.lock. Run 'pod install' or update your CocoaPods installation.\" >&2\n    exit 1\nfi\n# This output is used by Xcode 'outputs' to avoid re-running this script phase.\necho \"SUCCESS\" > \"${SCRIPT_OUTPUT_FILE_0}\"\n";
			showEnvVarsInLog = 0;
		};
		837655FF218C4C3BE763D42E /* [CP] Embed Pods Frameworks */ = {
			isa = PBXShellScriptBuildPhase;
			buildActionMask = 2147483647;
			files = (
			);
			inputFileListPaths = (
			);
			inputPaths = (
				"${PODS_ROOT}/Target Support Files/Pods-umdplanner/Pods-umdplanner-frameworks.sh",
				"${BUILT_PRODUCTS_DIR}/Charts/Charts.framework",
				"${BUILT_PRODUCTS_DIR}/FSCalendar/FSCalendar.framework",
				"${BUILT_PRODUCTS_DIR}/MDFInternationalization/MDFInternationalization.framework",
				"${BUILT_PRODUCTS_DIR}/MDFTextAccessibility/MDFTextAccessibility.framework",
				"${BUILT_PRODUCTS_DIR}/MaterialComponents/MaterialComponents.framework",
				"${BUILT_PRODUCTS_DIR}/iOSDropDown/iOSDropDown.framework",
			);
			name = "[CP] Embed Pods Frameworks";
			outputFileListPaths = (
			);
			outputPaths = (
				"${TARGET_BUILD_DIR}/${FRAMEWORKS_FOLDER_PATH}/Charts.framework",
				"${TARGET_BUILD_DIR}/${FRAMEWORKS_FOLDER_PATH}/FSCalendar.framework",
				"${TARGET_BUILD_DIR}/${FRAMEWORKS_FOLDER_PATH}/MDFInternationalization.framework",
				"${TARGET_BUILD_DIR}/${FRAMEWORKS_FOLDER_PATH}/MDFTextAccessibility.framework",
				"${TARGET_BUILD_DIR}/${FRAMEWORKS_FOLDER_PATH}/MaterialComponents.framework",
				"${TARGET_BUILD_DIR}/${FRAMEWORKS_FOLDER_PATH}/iOSDropDown.framework",
			);
			runOnlyForDeploymentPostprocessing = 0;
			shellPath = /bin/sh;
			shellScript = "\"${PODS_ROOT}/Target Support Files/Pods-umdplanner/Pods-umdplanner-frameworks.sh\"\n";
			showEnvVarsInLog = 0;
		};
		E38B1ED883B7332B539DA1AC /* [CP] Check Pods Manifest.lock */ = {
			isa = PBXShellScriptBuildPhase;
			buildActionMask = 2147483647;
			files = (
			);
			inputFileListPaths = (
			);
			inputPaths = (
				"${PODS_PODFILE_DIR_PATH}/Podfile.lock",
				"${PODS_ROOT}/Manifest.lock",
			);
			name = "[CP] Check Pods Manifest.lock";
			outputFileListPaths = (
			);
			outputPaths = (
				"$(DERIVED_FILE_DIR)/Pods-umdplanner-checkManifestLockResult.txt",
			);
			runOnlyForDeploymentPostprocessing = 0;
			shellPath = /bin/sh;
			shellScript = "diff \"${PODS_PODFILE_DIR_PATH}/Podfile.lock\" \"${PODS_ROOT}/Manifest.lock\" > /dev/null\nif [ $? != 0 ] ; then\n    # print error to STDERR\n    echo \"error: The sandbox is not in sync with the Podfile.lock. Run 'pod install' or update your CocoaPods installation.\" >&2\n    exit 1\nfi\n# This output is used by Xcode 'outputs' to avoid re-running this script phase.\necho \"SUCCESS\" > \"${SCRIPT_OUTPUT_FILE_0}\"\n";
			showEnvVarsInLog = 0;
		};
/* End PBXShellScriptBuildPhase section */

/* Begin PBXSourcesBuildPhase section */
		D75467A1225FC723009DE38C /* Sources */ = {
			isa = PBXSourcesBuildPhase;
			buildActionMask = 2147483647;
			files = (
				D751A82422892D580068712B /* SleepViewController.swift in Sources */,
				D71BBE3D2271994600E66854 /* exerciseCell.swift in Sources */,
				D71738BF2266A85B00BB068C /* FitnessViewController.swift in Sources */,
				D751A831228A1C6E0068712B /* ClassesViewController.swift in Sources */,
				D751A83F228A1E4C0068712B /* CalendarViewController.swift in Sources */,
				D751A837228A1D380068712B /* ClassFakeAlertController.swift in Sources */,
				D751A828228935580068712B /* SleepAddNewViewController.swift in Sources */,
				D7097B7A227261DF001ABA6B /* addExerciseViewController.swift in Sources */,
				D751A8262289352B0068712B /* SleepModel.swift in Sources */,
				D7097B8022729A2E001ABA6B /*  setCell.swift in Sources */,
				D751A833228A1CC70068712B /* AllAssignsViewController.swift in Sources */,
				D7097B882272AB09001ABA6B /* ExerciseType.swift in Sources */,
				D751A839228A1D8B0068712B /* ClassFakeAlertDelegate.swift in Sources */,
				D751A83D228A1E1D0068712B /* HomeworkPageViewController.swift in Sources */,
				D723F1DF22718EC700E79DD0 /* workoutCell.swift in Sources */,
				D75467A9225FC724009DE38C /* AppDelegate.swift in Sources */,
				D71738C32266A87500BB068C /* FitnessModel.swift in Sources */,
				D751A83B228A1DD10068712B /* FakeAlertDelegate.swift in Sources */,
				D7097B7C227261FE001ABA6B /* viewExerciseViewController.swift in Sources */,
				D751A82A2289357D0068712B /* SleepSummaryViewController.swift in Sources */,
				D79D90582278B4CF003AC83D /* model.xcdatamodeld in Sources */,
				D751A835228A1CF70068712B /* FakeAlertController.swift in Sources */,
			);
			runOnlyForDeploymentPostprocessing = 0;
		};
		D75467B8225FC726009DE38C /* Sources */ = {
			isa = PBXSourcesBuildPhase;
			buildActionMask = 2147483647;
			files = (
				D75467C1225FC726009DE38C /* umdplannerTests.swift in Sources */,
			);
			runOnlyForDeploymentPostprocessing = 0;
		};
		D75467C3225FC726009DE38C /* Sources */ = {
			isa = PBXSourcesBuildPhase;
			buildActionMask = 2147483647;
			files = (
				D75467CC225FC726009DE38C /* umdplannerUITests.swift in Sources */,
			);
			runOnlyForDeploymentPostprocessing = 0;
		};
/* End PBXSourcesBuildPhase section */

/* Begin PBXTargetDependency section */
		D75467BE225FC726009DE38C /* PBXTargetDependency */ = {
			isa = PBXTargetDependency;
			target = D75467A4225FC723009DE38C /* umdplanner */;
			targetProxy = D75467BD225FC726009DE38C /* PBXContainerItemProxy */;
		};
		D75467C9225FC726009DE38C /* PBXTargetDependency */ = {
			isa = PBXTargetDependency;
			target = D75467A4225FC723009DE38C /* umdplanner */;
			targetProxy = D75467C8225FC726009DE38C /* PBXContainerItemProxy */;
		};
/* End PBXTargetDependency section */

/* Begin PBXVariantGroup section */
		D75467AC225FC724009DE38C /* Main.storyboard */ = {
			isa = PBXVariantGroup;
			children = (
				D75467AD225FC724009DE38C /* Base */,
			);
			name = Main.storyboard;
			sourceTree = "<group>";
		};
		D75467B4225FC726009DE38C /* LaunchScreen.storyboard */ = {
			isa = PBXVariantGroup;
			children = (
				D75467B5225FC726009DE38C /* Base */,
			);
			name = LaunchScreen.storyboard;
			sourceTree = "<group>";
		};
/* End PBXVariantGroup section */

/* Begin XCBuildConfiguration section */
		D75467CE225FC726009DE38C /* Debug */ = {
			isa = XCBuildConfiguration;
			buildSettings = {
				ALWAYS_SEARCH_USER_PATHS = NO;
				CLANG_ANALYZER_NONNULL = YES;
				CLANG_ANALYZER_NUMBER_OBJECT_CONVERSION = YES_AGGRESSIVE;
				CLANG_CXX_LANGUAGE_STANDARD = "gnu++14";
				CLANG_CXX_LIBRARY = "libc++";
				CLANG_ENABLE_MODULES = YES;
				CLANG_ENABLE_OBJC_ARC = YES;
				CLANG_ENABLE_OBJC_WEAK = YES;
				CLANG_WARN_BLOCK_CAPTURE_AUTORELEASING = YES;
				CLANG_WARN_BOOL_CONVERSION = YES;
				CLANG_WARN_COMMA = YES;
				CLANG_WARN_CONSTANT_CONVERSION = YES;
				CLANG_WARN_DEPRECATED_OBJC_IMPLEMENTATIONS = YES;
				CLANG_WARN_DIRECT_OBJC_ISA_USAGE = YES_ERROR;
				CLANG_WARN_DOCUMENTATION_COMMENTS = YES;
				CLANG_WARN_EMPTY_BODY = YES;
				CLANG_WARN_ENUM_CONVERSION = YES;
				CLANG_WARN_INFINITE_RECURSION = YES;
				CLANG_WARN_INT_CONVERSION = YES;
				CLANG_WARN_NON_LITERAL_NULL_CONVERSION = YES;
				CLANG_WARN_OBJC_IMPLICIT_RETAIN_SELF = YES;
				CLANG_WARN_OBJC_LITERAL_CONVERSION = YES;
				CLANG_WARN_OBJC_ROOT_CLASS = YES_ERROR;
				CLANG_WARN_RANGE_LOOP_ANALYSIS = YES;
				CLANG_WARN_STRICT_PROTOTYPES = YES;
				CLANG_WARN_SUSPICIOUS_MOVE = YES;
				CLANG_WARN_UNGUARDED_AVAILABILITY = YES_AGGRESSIVE;
				CLANG_WARN_UNREACHABLE_CODE = YES;
				CLANG_WARN__DUPLICATE_METHOD_MATCH = YES;
				CODE_SIGN_IDENTITY = "iPhone Developer";
				COPY_PHASE_STRIP = NO;
				DEBUG_INFORMATION_FORMAT = dwarf;
				ENABLE_STRICT_OBJC_MSGSEND = YES;
				ENABLE_TESTABILITY = YES;
				GCC_C_LANGUAGE_STANDARD = gnu11;
				GCC_DYNAMIC_NO_PIC = NO;
				GCC_NO_COMMON_BLOCKS = YES;
				GCC_OPTIMIZATION_LEVEL = 0;
				GCC_PREPROCESSOR_DEFINITIONS = (
					"DEBUG=1",
					"$(inherited)",
				);
				GCC_WARN_64_TO_32_BIT_CONVERSION = YES;
				GCC_WARN_ABOUT_RETURN_TYPE = YES_ERROR;
				GCC_WARN_UNDECLARED_SELECTOR = YES;
				GCC_WARN_UNINITIALIZED_AUTOS = YES_AGGRESSIVE;
				GCC_WARN_UNUSED_FUNCTION = YES;
				GCC_WARN_UNUSED_VARIABLE = YES;
				IPHONEOS_DEPLOYMENT_TARGET = 12.1;
				MTL_ENABLE_DEBUG_INFO = INCLUDE_SOURCE;
				MTL_FAST_MATH = YES;
				ONLY_ACTIVE_ARCH = YES;
				SDKROOT = iphoneos;
				SWIFT_ACTIVE_COMPILATION_CONDITIONS = DEBUG;
				SWIFT_OPTIMIZATION_LEVEL = "-Onone";
			};
			name = Debug;
		};
		D75467CF225FC726009DE38C /* Release */ = {
			isa = XCBuildConfiguration;
			buildSettings = {
				ALWAYS_SEARCH_USER_PATHS = NO;
				CLANG_ANALYZER_NONNULL = YES;
				CLANG_ANALYZER_NUMBER_OBJECT_CONVERSION = YES_AGGRESSIVE;
				CLANG_CXX_LANGUAGE_STANDARD = "gnu++14";
				CLANG_CXX_LIBRARY = "libc++";
				CLANG_ENABLE_MODULES = YES;
				CLANG_ENABLE_OBJC_ARC = YES;
				CLANG_ENABLE_OBJC_WEAK = YES;
				CLANG_WARN_BLOCK_CAPTURE_AUTORELEASING = YES;
				CLANG_WARN_BOOL_CONVERSION = YES;
				CLANG_WARN_COMMA = YES;
				CLANG_WARN_CONSTANT_CONVERSION = YES;
				CLANG_WARN_DEPRECATED_OBJC_IMPLEMENTATIONS = YES;
				CLANG_WARN_DIRECT_OBJC_ISA_USAGE = YES_ERROR;
				CLANG_WARN_DOCUMENTATION_COMMENTS = YES;
				CLANG_WARN_EMPTY_BODY = YES;
				CLANG_WARN_ENUM_CONVERSION = YES;
				CLANG_WARN_INFINITE_RECURSION = YES;
				CLANG_WARN_INT_CONVERSION = YES;
				CLANG_WARN_NON_LITERAL_NULL_CONVERSION = YES;
				CLANG_WARN_OBJC_IMPLICIT_RETAIN_SELF = YES;
				CLANG_WARN_OBJC_LITERAL_CONVERSION = YES;
				CLANG_WARN_OBJC_ROOT_CLASS = YES_ERROR;
				CLANG_WARN_RANGE_LOOP_ANALYSIS = YES;
				CLANG_WARN_STRICT_PROTOTYPES = YES;
				CLANG_WARN_SUSPICIOUS_MOVE = YES;
				CLANG_WARN_UNGUARDED_AVAILABILITY = YES_AGGRESSIVE;
				CLANG_WARN_UNREACHABLE_CODE = YES;
				CLANG_WARN__DUPLICATE_METHOD_MATCH = YES;
				CODE_SIGN_IDENTITY = "iPhone Developer";
				COPY_PHASE_STRIP = NO;
				DEBUG_INFORMATION_FORMAT = "dwarf-with-dsym";
				ENABLE_NS_ASSERTIONS = NO;
				ENABLE_STRICT_OBJC_MSGSEND = YES;
				GCC_C_LANGUAGE_STANDARD = gnu11;
				GCC_NO_COMMON_BLOCKS = YES;
				GCC_WARN_64_TO_32_BIT_CONVERSION = YES;
				GCC_WARN_ABOUT_RETURN_TYPE = YES_ERROR;
				GCC_WARN_UNDECLARED_SELECTOR = YES;
				GCC_WARN_UNINITIALIZED_AUTOS = YES_AGGRESSIVE;
				GCC_WARN_UNUSED_FUNCTION = YES;
				GCC_WARN_UNUSED_VARIABLE = YES;
				IPHONEOS_DEPLOYMENT_TARGET = 12.1;
				MTL_ENABLE_DEBUG_INFO = NO;
				MTL_FAST_MATH = YES;
				SDKROOT = iphoneos;
				SWIFT_COMPILATION_MODE = wholemodule;
				SWIFT_OPTIMIZATION_LEVEL = "-O";
				VALIDATE_PRODUCT = YES;
			};
			name = Release;
		};
		D75467D1225FC726009DE38C /* Debug */ = {
			isa = XCBuildConfiguration;
			baseConfigurationReference = 5FB5C2113395D2DB96EE4C4E /* Pods-umdplanner.debug.xcconfig */;
			buildSettings = {
				ASSETCATALOG_COMPILER_APPICON_NAME = AppIcon;
				CODE_SIGN_STYLE = Automatic;
				DEVELOPMENT_TEAM = LSP9LJQBT3;
				INFOPLIST_FILE = umdplanner/Info.plist;
				LD_RUNPATH_SEARCH_PATHS = (
					"$(inherited)",
					"@executable_path/Frameworks",
				);
				PRODUCT_BUNDLE_IDENTIFIER = umd.umdplanner;
				PRODUCT_NAME = "$(TARGET_NAME)";
				SWIFT_VERSION = 4.2;
				TARGETED_DEVICE_FAMILY = "1,2";
			};
			name = Debug;
		};
		D75467D2225FC726009DE38C /* Release */ = {
			isa = XCBuildConfiguration;
			baseConfigurationReference = F2104007E22329597594DB14 /* Pods-umdplanner.release.xcconfig */;
			buildSettings = {
				ASSETCATALOG_COMPILER_APPICON_NAME = AppIcon;
				CODE_SIGN_STYLE = Automatic;
				DEVELOPMENT_TEAM = LSP9LJQBT3;
				INFOPLIST_FILE = umdplanner/Info.plist;
				LD_RUNPATH_SEARCH_PATHS = (
					"$(inherited)",
					"@executable_path/Frameworks",
				);
				PRODUCT_BUNDLE_IDENTIFIER = umd.umdplanner;
				PRODUCT_NAME = "$(TARGET_NAME)";
				SWIFT_VERSION = 4.2;
				TARGETED_DEVICE_FAMILY = "1,2";
			};
			name = Release;
		};
		D75467D4225FC726009DE38C /* Debug */ = {
			isa = XCBuildConfiguration;
			baseConfigurationReference = 159BAB412CE042AEBEC56E2D /* Pods-umdplannerTests.debug.xcconfig */;
			buildSettings = {
				ALWAYS_EMBED_SWIFT_STANDARD_LIBRARIES = YES;
				BUNDLE_LOADER = "$(TEST_HOST)";
				CODE_SIGN_STYLE = Automatic;
				DEVELOPMENT_TEAM = LSP9LJQBT3;
				INFOPLIST_FILE = umdplannerTests/Info.plist;
				LD_RUNPATH_SEARCH_PATHS = (
					"$(inherited)",
					"@executable_path/Frameworks",
					"@loader_path/Frameworks",
				);
				PRODUCT_BUNDLE_IDENTIFIER = umd.umdplannerTests;
				PRODUCT_NAME = "$(TARGET_NAME)";
				SWIFT_VERSION = 4.2;
				TARGETED_DEVICE_FAMILY = "1,2";
				TEST_HOST = "$(BUILT_PRODUCTS_DIR)/umdplanner.app/umdplanner";
			};
			name = Debug;
		};
		D75467D5225FC726009DE38C /* Release */ = {
			isa = XCBuildConfiguration;
			baseConfigurationReference = 20513CDC709581462136ED6B /* Pods-umdplannerTests.release.xcconfig */;
			buildSettings = {
				ALWAYS_EMBED_SWIFT_STANDARD_LIBRARIES = YES;
				BUNDLE_LOADER = "$(TEST_HOST)";
				CODE_SIGN_STYLE = Automatic;
				DEVELOPMENT_TEAM = LSP9LJQBT3;
				INFOPLIST_FILE = umdplannerTests/Info.plist;
				LD_RUNPATH_SEARCH_PATHS = (
					"$(inherited)",
					"@executable_path/Frameworks",
					"@loader_path/Frameworks",
				);
				PRODUCT_BUNDLE_IDENTIFIER = umd.umdplannerTests;
				PRODUCT_NAME = "$(TARGET_NAME)";
				SWIFT_VERSION = 4.2;
				TARGETED_DEVICE_FAMILY = "1,2";
				TEST_HOST = "$(BUILT_PRODUCTS_DIR)/umdplanner.app/umdplanner";
			};
			name = Release;
		};
		D75467D7225FC726009DE38C /* Debug */ = {
			isa = XCBuildConfiguration;
			baseConfigurationReference = 30D2C2A73B1DC65B0216C371 /* Pods-umdplannerUITests.debug.xcconfig */;
			buildSettings = {
				ALWAYS_EMBED_SWIFT_STANDARD_LIBRARIES = YES;
				CODE_SIGN_STYLE = Automatic;
				DEVELOPMENT_TEAM = LSP9LJQBT3;
				INFOPLIST_FILE = umdplannerUITests/Info.plist;
				LD_RUNPATH_SEARCH_PATHS = (
					"$(inherited)",
					"@executable_path/Frameworks",
					"@loader_path/Frameworks",
				);
				PRODUCT_BUNDLE_IDENTIFIER = umd.umdplannerUITests;
				PRODUCT_NAME = "$(TARGET_NAME)";
				SWIFT_VERSION = 4.2;
				TARGETED_DEVICE_FAMILY = "1,2";
				TEST_TARGET_NAME = umdplanner;
			};
			name = Debug;
		};
		D75467D8225FC726009DE38C /* Release */ = {
			isa = XCBuildConfiguration;
			baseConfigurationReference = E2FDF9257AB02AE8CCFF95DE /* Pods-umdplannerUITests.release.xcconfig */;
			buildSettings = {
				ALWAYS_EMBED_SWIFT_STANDARD_LIBRARIES = YES;
				CODE_SIGN_STYLE = Automatic;
				DEVELOPMENT_TEAM = LSP9LJQBT3;
				INFOPLIST_FILE = umdplannerUITests/Info.plist;
				LD_RUNPATH_SEARCH_PATHS = (
					"$(inherited)",
					"@executable_path/Frameworks",
					"@loader_path/Frameworks",
				);
				PRODUCT_BUNDLE_IDENTIFIER = umd.umdplannerUITests;
				PRODUCT_NAME = "$(TARGET_NAME)";
				SWIFT_VERSION = 4.2;
				TARGETED_DEVICE_FAMILY = "1,2";
				TEST_TARGET_NAME = umdplanner;
			};
			name = Release;
		};
/* End XCBuildConfiguration section */

/* Begin XCConfigurationList section */
		D75467A0225FC723009DE38C /* Build configuration list for PBXProject "umdplanner" */ = {
			isa = XCConfigurationList;
			buildConfigurations = (
				D75467CE225FC726009DE38C /* Debug */,
				D75467CF225FC726009DE38C /* Release */,
			);
			defaultConfigurationIsVisible = 0;
			defaultConfigurationName = Release;
		};
		D75467D0225FC726009DE38C /* Build configuration list for PBXNativeTarget "umdplanner" */ = {
			isa = XCConfigurationList;
			buildConfigurations = (
				D75467D1225FC726009DE38C /* Debug */,
				D75467D2225FC726009DE38C /* Release */,
			);
			defaultConfigurationIsVisible = 0;
			defaultConfigurationName = Release;
		};
		D75467D3225FC726009DE38C /* Build configuration list for PBXNativeTarget "umdplannerTests" */ = {
			isa = XCConfigurationList;
			buildConfigurations = (
				D75467D4225FC726009DE38C /* Debug */,
				D75467D5225FC726009DE38C /* Release */,
			);
			defaultConfigurationIsVisible = 0;
			defaultConfigurationName = Release;
		};
		D75467D6225FC726009DE38C /* Build configuration list for PBXNativeTarget "umdplannerUITests" */ = {
			isa = XCConfigurationList;
			buildConfigurations = (
				D75467D7225FC726009DE38C /* Debug */,
				D75467D8225FC726009DE38C /* Release */,
			);
			defaultConfigurationIsVisible = 0;
			defaultConfigurationName = Release;
		};
/* End XCConfigurationList section */

/* Begin XCVersionGroup section */
		D79D90562278B4CF003AC83D /* model.xcdatamodeld */ = {
			isa = XCVersionGroup;
			children = (
				D79D90572278B4CF003AC83D /* model.xcdatamodel */,
			);
			currentVersion = D79D90572278B4CF003AC83D /* model.xcdatamodel */;
			path = model.xcdatamodeld;
			sourceTree = "<group>";
			versionGroupType = wrapper.xcdatamodel;
		};
/* End XCVersionGroup section */
	};
	rootObject = D754679D225FC723009DE38C /* Project object */;
}
